// !$*UTF8*$!
{
	archiveVersion = 1;
	classes = {
	};
	objectVersion = 55;
	objects = {

/* Begin PBXBuildFile section */
		1739D9902799CB2700069068 /* AppDelegate.swift in Sources */ = {isa = PBXBuildFile; fileRef = 1739D98F2799CB2700069068 /* AppDelegate.swift */; };
		1739D9922799CB2700069068 /* SceneDelegate.swift in Sources */ = {isa = PBXBuildFile; fileRef = 1739D9912799CB2700069068 /* SceneDelegate.swift */; };
		1739D9942799CB2700069068 /* RecipeListViewController.swift in Sources */ = {isa = PBXBuildFile; fileRef = 1739D9932799CB2700069068 /* RecipeListViewController.swift */; };
		1739D9972799CB2700069068 /* Main.storyboard in Resources */ = {isa = PBXBuildFile; fileRef = 1739D9952799CB2700069068 /* Main.storyboard */; };
		1739D9992799CB2C00069068 /* Assets.xcassets in Resources */ = {isa = PBXBuildFile; fileRef = 1739D9982799CB2C00069068 /* Assets.xcassets */; };
		1739D99C2799CB2C00069068 /* LaunchScreen.storyboard in Resources */ = {isa = PBXBuildFile; fileRef = 1739D99A2799CB2C00069068 /* LaunchScreen.storyboard */; };
		1739D9A42799CBBD00069068 /* Recipe.swift in Sources */ = {isa = PBXBuildFile; fileRef = 1739D9A32799CBBD00069068 /* Recipe.swift */; };
		1739D9A82799CD3500069068 /* RecipeManager.swift in Sources */ = {isa = PBXBuildFile; fileRef = 1739D9A72799CD3500069068 /* RecipeManager.swift */; };
		17FB7BC3279A61E900F610FD /* RecipesViewController.swift in Sources */ = {isa = PBXBuildFile; fileRef = 17FB7BC2279A61E900F610FD /* RecipesViewController.swift */; };
		17FB7BC5279A62E500F610FD /* DetailRecipe.swift in Sources */ = {isa = PBXBuildFile; fileRef = 17FB7BC4279A62E500F610FD /* DetailRecipe.swift */; };
		17FB7BC7279A646200F610FD /* DetailRecipeManager.swift in Sources */ = {isa = PBXBuildFile; fileRef = 17FB7BC6279A646100F610FD /* DetailRecipeManager.swift */; };
		A726A3FD279ABBAE00510524 /* RecipeDescription.swift in Sources */ = {isa = PBXBuildFile; fileRef = A726A3FC279ABBAE00510524 /* RecipeDescription.swift */; };
		A726A3FF279AC0B000510524 /* RecipeDescriptionManager.swift in Sources */ = {isa = PBXBuildFile; fileRef = A726A3FE279AC0B000510524 /* RecipeDescriptionManager.swift */; };
		A726A401279AC30400510524 /* DescriptionViewController.swift in Sources */ = {isa = PBXBuildFile; fileRef = A726A400279AC30400510524 /* DescriptionViewController.swift */; };
/* End PBXBuildFile section */

/* Begin PBXFileReference section */
		1739D98C2799CB2700069068 /* Recipe App.app */ = {isa = PBXFileReference; explicitFileType = wrapper.application; includeInIndex = 0; path = "Recipe App.app"; sourceTree = BUILT_PRODUCTS_DIR; };
		1739D98F2799CB2700069068 /* AppDelegate.swift */ = {isa = PBXFileReference; lastKnownFileType = sourcecode.swift; path = AppDelegate.swift; sourceTree = "<group>"; };
		1739D9912799CB2700069068 /* SceneDelegate.swift */ = {isa = PBXFileReference; lastKnownFileType = sourcecode.swift; path = SceneDelegate.swift; sourceTree = "<group>"; };
		1739D9932799CB2700069068 /* RecipeListViewController.swift */ = {isa = PBXFileReference; lastKnownFileType = sourcecode.swift; path = RecipeListViewController.swift; sourceTree = "<group>"; };
		1739D9962799CB2700069068 /* Base */ = {isa = PBXFileReference; lastKnownFileType = file.storyboard; name = Base; path = Base.lproj/Main.storyboard; sourceTree = "<group>"; };
		1739D9982799CB2C00069068 /* Assets.xcassets */ = {isa = PBXFileReference; lastKnownFileType = folder.assetcatalog; path = Assets.xcassets; sourceTree = "<group>"; };
		1739D99B2799CB2C00069068 /* Base */ = {isa = PBXFileReference; lastKnownFileType = file.storyboard; name = Base; path = Base.lproj/LaunchScreen.storyboard; sourceTree = "<group>"; };
		1739D99D2799CB2C00069068 /* Info.plist */ = {isa = PBXFileReference; lastKnownFileType = text.plist.xml; path = Info.plist; sourceTree = "<group>"; };
		1739D9A32799CBBD00069068 /* Recipe.swift */ = {isa = PBXFileReference; lastKnownFileType = sourcecode.swift; path = Recipe.swift; sourceTree = "<group>"; };
		1739D9A72799CD3500069068 /* RecipeManager.swift */ = {isa = PBXFileReference; lastKnownFileType = sourcecode.swift; path = RecipeManager.swift; sourceTree = "<group>"; };
		17FB7BC2279A61E900F610FD /* RecipesViewController.swift */ = {isa = PBXFileReference; lastKnownFileType = sourcecode.swift; path = RecipesViewController.swift; sourceTree = "<group>"; };
		17FB7BC4279A62E500F610FD /* DetailRecipe.swift */ = {isa = PBXFileReference; lastKnownFileType = sourcecode.swift; path = DetailRecipe.swift; sourceTree = "<group>"; };
		17FB7BC6279A646100F610FD /* DetailRecipeManager.swift */ = {isa = PBXFileReference; lastKnownFileType = sourcecode.swift; path = DetailRecipeManager.swift; sourceTree = "<group>"; };
		A726A3FC279ABBAE00510524 /* RecipeDescription.swift */ = {isa = PBXFileReference; lastKnownFileType = sourcecode.swift; path = RecipeDescription.swift; sourceTree = "<group>"; };
		A726A3FE279AC0B000510524 /* RecipeDescriptionManager.swift */ = {isa = PBXFileReference; lastKnownFileType = sourcecode.swift; path = RecipeDescriptionManager.swift; sourceTree = "<group>"; };
		A726A400279AC30400510524 /* DescriptionViewController.swift */ = {isa = PBXFileReference; lastKnownFileType = sourcecode.swift; path = DescriptionViewController.swift; sourceTree = "<group>"; };
/* End PBXFileReference section */

/* Begin PBXFrameworksBuildPhase section */
		1739D9892799CB2700069068 /* Frameworks */ = {
			isa = PBXFrameworksBuildPhase;
			buildActionMask = 2147483647;
			files = (
			);
			runOnlyForDeploymentPostprocessing = 0;
		};
/* End PBXFrameworksBuildPhase section */

/* Begin PBXGroup section */
		1739D9832799CB2700069068 = {
			isa = PBXGroup;
			children = (
				1739D98E2799CB2700069068 /* Recipe App */,
				1739D98D2799CB2700069068 /* Products */,
			);
			sourceTree = "<group>";
		};
		1739D98D2799CB2700069068 /* Products */ = {
			isa = PBXGroup;
			children = (
				1739D98C2799CB2700069068 /* Recipe App.app */,
			);
			name = Products;
			sourceTree = "<group>";
		};
		1739D98E2799CB2700069068 /* Recipe App */ = {
			isa = PBXGroup;
			children = (
				1739D98F2799CB2700069068 /* AppDelegate.swift */,
				1739D9912799CB2700069068 /* SceneDelegate.swift */,
				1739D9932799CB2700069068 /* RecipeListViewController.swift */,
				17FB7BC2279A61E900F610FD /* RecipesViewController.swift */,
				A726A400279AC30400510524 /* DescriptionViewController.swift */,
				1739D9A32799CBBD00069068 /* Recipe.swift */,
				17FB7BC4279A62E500F610FD /* DetailRecipe.swift */,
				A726A3FC279ABBAE00510524 /* RecipeDescription.swift */,
				A726A3FE279AC0B000510524 /* RecipeDescriptionManager.swift */,
				1739D9A72799CD3500069068 /* RecipeManager.swift */,
				17FB7BC6279A646100F610FD /* DetailRecipeManager.swift */,
				1739D9952799CB2700069068 /* Main.storyboard */,
				1739D9982799CB2C00069068 /* Assets.xcassets */,
				1739D99A2799CB2C00069068 /* LaunchScreen.storyboard */,
				1739D99D2799CB2C00069068 /* Info.plist */,
			);
			path = "Recipe App";
			sourceTree = "<group>";
		};
/* End PBXGroup section */

/* Begin PBXNativeTarget section */
		1739D98B2799CB2700069068 /* Recipe App */ = {
			isa = PBXNativeTarget;
			buildConfigurationList = 1739D9A02799CB2C00069068 /* Build configuration list for PBXNativeTarget "Recipe App" */;
			buildPhases = (
				1739D9882799CB2700069068 /* Sources */,
				1739D9892799CB2700069068 /* Frameworks */,
				1739D98A2799CB2700069068 /* Resources */,
			);
			buildRules = (
			);
			dependencies = (
			);
			name = "Recipe App";
			productName = "Recipe App";
			productReference = 1739D98C2799CB2700069068 /* Recipe App.app */;
			productType = "com.apple.product-type.application";
		};
/* End PBXNativeTarget section */

/* Begin PBXProject section */
		1739D9842799CB2700069068 /* Project object */ = {
			isa = PBXProject;
			attributes = {
				BuildIndependentTargetsInParallel = 1;
				LastSwiftUpdateCheck = 1310;
				LastUpgradeCheck = 1310;
				TargetAttributes = {
					1739D98B2799CB2700069068 = {
						CreatedOnToolsVersion = 13.1;
					};
				};
			};
			buildConfigurationList = 1739D9872799CB2700069068 /* Build configuration list for PBXProject "Recipe App" */;
			compatibilityVersion = "Xcode 13.0";
			developmentRegion = en;
			hasScannedForEncodings = 0;
			knownRegions = (
				en,
				Base,
			);
			mainGroup = 1739D9832799CB2700069068;
			productRefGroup = 1739D98D2799CB2700069068 /* Products */;
			projectDirPath = "";
			projectRoot = "";
			targets = (
				1739D98B2799CB2700069068 /* Recipe App */,
			);
		};
/* End PBXProject section */

/* Begin PBXResourcesBuildPhase section */
		1739D98A2799CB2700069068 /* Resources */ = {
			isa = PBXResourcesBuildPhase;
			buildActionMask = 2147483647;
			files = (
				1739D99C2799CB2C00069068 /* LaunchScreen.storyboard in Resources */,
				1739D9992799CB2C00069068 /* Assets.xcassets in Resources */,
				1739D9972799CB2700069068 /* Main.storyboard in Resources */,
			);
			runOnlyForDeploymentPostprocessing = 0;
		};
/* End PBXResourcesBuildPhase section */

/* Begin PBXSourcesBuildPhase section */
		1739D9882799CB2700069068 /* Sources */ = {
			isa = PBXSourcesBuildPhase;
			buildActionMask = 2147483647;
			files = (
				1739D9942799CB2700069068 /* RecipeListViewController.swift in Sources */,
				1739D9A82799CD3500069068 /* RecipeManager.swift in Sources */,
				A726A3FF279AC0B000510524 /* RecipeDescriptionManager.swift in Sources */,
				17FB7BC7279A646200F610FD /* DetailRecipeManager.swift in Sources */,
				1739D9902799CB2700069068 /* AppDelegate.swift in Sources */,
				17FB7BC5279A62E500F610FD /* DetailRecipe.swift in Sources */,
				A726A3FD279ABBAE00510524 /* RecipeDescription.swift in Sources */,
				1739D9922799CB2700069068 /* SceneDelegate.swift in Sources */,
				A726A401279AC30400510524 /* DescriptionViewController.swift in Sources */,
				17FB7BC3279A61E900F610FD /* RecipesViewController.swift in Sources */,
				1739D9A42799CBBD00069068 /* Recipe.swift in Sources */,
			);
			runOnlyForDeploymentPostprocessing = 0;
		};
/* End PBXSourcesBuildPhase section */

/* Begin PBXVariantGroup section */
		1739D9952799CB2700069068 /* Main.storyboard */ = {
			isa = PBXVariantGroup;
			children = (
				1739D9962799CB2700069068 /* Base */,
			);
			name = Main.storyboard;
			sourceTree = "<group>";
		};
		1739D99A2799CB2C00069068 /* LaunchScreen.storyboard */ = {
			isa = PBXVariantGroup;
			children = (
				1739D99B2799CB2C00069068 /* Base */,
			);
			name = LaunchScreen.storyboard;
			sourceTree = "<group>";
		};
/* End PBXVariantGroup section */

/* Begin XCBuildConfiguration section */
		1739D99E2799CB2C00069068 /* Debug */ = {
			isa = XCBuildConfiguration;
			buildSettings = {
				ALWAYS_SEARCH_USER_PATHS = NO;
				CLANG_ANALYZER_NONNULL = YES;
				CLANG_ANALYZER_NUMBER_OBJECT_CONVERSION = YES_AGGRESSIVE;
				CLANG_CXX_LANGUAGE_STANDARD = "gnu++17";
				CLANG_CXX_LIBRARY = "libc++";
				CLANG_ENABLE_MODULES = YES;
				CLANG_ENABLE_OBJC_ARC = YES;
				CLANG_ENABLE_OBJC_WEAK = YES;
				CLANG_WARN_BLOCK_CAPTURE_AUTORELEASING = YES;
				CLANG_WARN_BOOL_CONVERSION = YES;
				CLANG_WARN_COMMA = YES;
				CLANG_WARN_CONSTANT_CONVERSION = YES;
				CLANG_WARN_DEPRECATED_OBJC_IMPLEMENTATIONS = YES;
				CLANG_WARN_DIRECT_OBJC_ISA_USAGE = YES_ERROR;
				CLANG_WARN_DOCUMENTATION_COMMENTS = YES;
				CLANG_WARN_EMPTY_BODY = YES;
				CLANG_WARN_ENUM_CONVERSION = YES;
				CLANG_WARN_INFINITE_RECURSION = YES;
				CLANG_WARN_INT_CONVERSION = YES;
				CLANG_WARN_NON_LITERAL_NULL_CONVERSION = YES;
				CLANG_WARN_OBJC_IMPLICIT_RETAIN_SELF = YES;
				CLANG_WARN_OBJC_LITERAL_CONVERSION = YES;
				CLANG_WARN_OBJC_ROOT_CLASS = YES_ERROR;
				CLANG_WARN_QUOTED_INCLUDE_IN_FRAMEWORK_HEADER = YES;
				CLANG_WARN_RANGE_LOOP_ANALYSIS = YES;
				CLANG_WARN_STRICT_PROTOTYPES = YES;
				CLANG_WARN_SUSPICIOUS_MOVE = YES;
				CLANG_WARN_UNGUARDED_AVAILABILITY = YES_AGGRESSIVE;
				CLANG_WARN_UNREACHABLE_CODE = YES;
				CLANG_WARN__DUPLICATE_METHOD_MATCH = YES;
				COPY_PHASE_STRIP = NO;
				DEBUG_INFORMATION_FORMAT = dwarf;
				ENABLE_STRICT_OBJC_MSGSEND = YES;
				ENABLE_TESTABILITY = YES;
				GCC_C_LANGUAGE_STANDARD = gnu11;
				GCC_DYNAMIC_NO_PIC = NO;
				GCC_NO_COMMON_BLOCKS = YES;
				GCC_OPTIMIZATION_LEVEL = 0;
				GCC_PREPROCESSOR_DEFINITIONS = (
					"DEBUG=1",
					"$(inherited)",
				);
				GCC_WARN_64_TO_32_BIT_CONVERSION = YES;
				GCC_WARN_ABOUT_RETURN_TYPE = YES_ERROR;
				GCC_WARN_UNDECLARED_SELECTOR = YES;
				GCC_WARN_UNINITIALIZED_AUTOS = YES_AGGRESSIVE;
				GCC_WARN_UNUSED_FUNCTION = YES;
				GCC_WARN_UNUSED_VARIABLE = YES;
				IPHONEOS_DEPLOYMENT_TARGET = 15.0;
				MTL_ENABLE_DEBUG_INFO = INCLUDE_SOURCE;
				MTL_FAST_MATH = YES;
				ONLY_ACTIVE_ARCH = YES;
				SDKROOT = iphoneos;
				SWIFT_ACTIVE_COMPILATION_CONDITIONS = DEBUG;
				SWIFT_OPTIMIZATION_LEVEL = "-Onone";
			};
			name = Debug;
		};
		1739D99F2799CB2C00069068 /* Release */ = {
			isa = XCBuildConfiguration;
			buildSettings = {
				ALWAYS_SEARCH_USER_PATHS = NO;
				CLANG_ANALYZER_NONNULL = YES;
				CLANG_ANALYZER_NUMBER_OBJECT_CONVERSION = YES_AGGRESSIVE;
				CLANG_CXX_LANGUAGE_STANDARD = "gnu++17";
				CLANG_CXX_LIBRARY = "libc++";
				CLANG_ENABLE_MODULES = YES;
				CLANG_ENABLE_OBJC_ARC = YES;
				CLANG_ENABLE_OBJC_WEAK = YES;
				CLANG_WARN_BLOCK_CAPTURE_AUTORELEASING = YES;
				CLANG_WARN_BOOL_CONVERSION = YES;
				CLANG_WARN_COMMA = YES;
				CLANG_WARN_CONSTANT_CONVERSION = YES;
				CLANG_WARN_DEPRECATED_OBJC_IMPLEMENTATIONS = YES;
				CLANG_WARN_DIRECT_OBJC_ISA_USAGE = YES_ERROR;
				CLANG_WARN_DOCUMENTATION_COMMENTS = YES;
				CLANG_WARN_EMPTY_BODY = YES;
				CLANG_WARN_ENUM_CONVERSION = YES;
				CLANG_WARN_INFINITE_RECURSION = YES;
				CLANG_WARN_INT_CONVERSION = YES;
				CLANG_WARN_NON_LITERAL_NULL_CONVERSION = YES;
				CLANG_WARN_OBJC_IMPLICIT_RETAIN_SELF = YES;
				CLANG_WARN_OBJC_LITERAL_CONVERSION = YES;
				CLANG_WARN_OBJC_ROOT_CLASS = YES_ERROR;
				CLANG_WARN_QUOTED_INCLUDE_IN_FRAMEWORK_HEADER = YES;
				CLANG_WARN_RANGE_LOOP_ANALYSIS = YES;
				CLANG_WARN_STRICT_PROTOTYPES = YES;
				CLANG_WARN_SUSPICIOUS_MOVE = YES;
				CLANG_WARN_UNGUARDED_AVAILABILITY = YES_AGGRESSIVE;
				CLANG_WARN_UNREACHABLE_CODE = YES;
				CLANG_WARN__DUPLICATE_METHOD_MATCH = YES;
				COPY_PHASE_STRIP = NO;
				DEBUG_INFORMATION_FORMAT = "dwarf-with-dsym";
				ENABLE_NS_ASSERTIONS = NO;
				ENABLE_STRICT_OBJC_MSGSEND = YES;
				GCC_C_LANGUAGE_STANDARD = gnu11;
				GCC_NO_COMMON_BLOCKS = YES;
				GCC_WARN_64_TO_32_BIT_CONVERSION = YES;
				GCC_WARN_ABOUT_RETURN_TYPE = YES_ERROR;
				GCC_WARN_UNDECLARED_SELECTOR = YES;
				GCC_WARN_UNINITIALIZED_AUTOS = YES_AGGRESSIVE;
				GCC_WARN_UNUSED_FUNCTION = YES;
				GCC_WARN_UNUSED_VARIABLE = YES;
				IPHONEOS_DEPLOYMENT_TARGET = 15.0;
				MTL_ENABLE_DEBUG_INFO = NO;
				MTL_FAST_MATH = YES;
				SDKROOT = iphoneos;
				SWIFT_COMPILATION_MODE = wholemodule;
				SWIFT_OPTIMIZATION_LEVEL = "-O";
				VALIDATE_PRODUCT = YES;
			};
			name = Release;
		};
		1739D9A12799CB2C00069068 /* Debug */ = {
			isa = XCBuildConfiguration;
			buildSettings = {
				ASSETCATALOG_COMPILER_APPICON_NAME = AppIcon;
				ASSETCATALOG_COMPILER_GLOBAL_ACCENT_COLOR_NAME = AccentColor;
				CODE_SIGN_STYLE = Automatic;
				CURRENT_PROJECT_VERSION = 1;
				GENERATE_INFOPLIST_FILE = YES;
				INFOPLIST_FILE = "Recipe App/Info.plist";
				INFOPLIST_KEY_UIApplicationSupportsIndirectInputEvents = YES;
				INFOPLIST_KEY_UILaunchStoryboardName = LaunchScreen;
				INFOPLIST_KEY_UIMainStoryboardFile = Main;
				INFOPLIST_KEY_UISupportedInterfaceOrientations_iPad = "UIInterfaceOrientationPortrait UIInterfaceOrientationPortraitUpsideDown UIInterfaceOrientationLandscapeLeft UIInterfaceOrientationLandscapeRight";
				INFOPLIST_KEY_UISupportedInterfaceOrientations_iPhone = "UIInterfaceOrientationPortrait UIInterfaceOrientationLandscapeLeft UIInterfaceOrientationLandscapeRight";
				LD_RUNPATH_SEARCH_PATHS = (
					"$(inherited)",
					"@executable_path/Frameworks",
				);
				MARKETING_VERSION = 1.0;
				PRODUCT_BUNDLE_IDENTIFIER = "com.moody-bull-habib.Recipe-App";
				PRODUCT_NAME = "$(TARGET_NAME)";
				SWIFT_EMIT_LOC_STRINGS = YES;
				SWIFT_VERSION = 5.0;
				TARGETED_DEVICE_FAMILY = "1,2";
			};
			name = Debug;
		};
		1739D9A22799CB2C00069068 /* Release */ = {
			isa = XCBuildConfiguration;
			buildSettings = {
				ASSETCATALOG_COMPILER_APPICON_NAME = AppIcon;
				ASSETCATALOG_COMPILER_GLOBAL_ACCENT_COLOR_NAME = AccentColor;
				CODE_SIGN_STYLE = Automatic;
				CURRENT_PROJECT_VERSION = 1;
				GENERATE_INFOPLIST_FILE = YES;
				INFOPLIST_FILE = "Recipe App/Info.plist";
				INFOPLIST_KEY_UIApplicationSupportsIndirectInputEvents = YES;
				INFOPLIST_KEY_UILaunchStoryboardName = LaunchScreen;
				INFOPLIST_KEY_UIMainStoryboardFile = Main;
				INFOPLIST_KEY_UISupportedInterfaceOrientations_iPad = "UIInterfaceOrientationPortrait UIInterfaceOrientationPortraitUpsideDown UIInterfaceOrientationLandscapeLeft UIInterfaceOrientationLandscapeRight";
				INFOPLIST_KEY_UISupportedInterfaceOrientations_iPhone = "UIInterfaceOrientationPortrait UIInterfaceOrientationLandscapeLeft UIInterfaceOrientationLandscapeRight";
				LD_RUNPATH_SEARCH_PATHS = (
					"$(inherited)",
					"@executable_path/Frameworks",
				);
				MARKETING_VERSION = 1.0;
				PRODUCT_BUNDLE_IDENTIFIER = "com.moody-bull-habib.Recipe-App";
				PRODUCT_NAME = "$(TARGET_NAME)";
				SWIFT_EMIT_LOC_STRINGS = YES;
				SWIFT_VERSION = 5.0;
				TARGETED_DEVICE_FAMILY = "1,2";
			};
			name = Release;
		};
/* End XCBuildConfiguration section */

/* Begin XCConfigurationList section */
		1739D9872799CB2700069068 /* Build configuration list for PBXProject "Recipe App" */ = {
			isa = XCConfigurationList;
			buildConfigurations = (
				1739D99E2799CB2C00069068 /* Debug */,
				1739D99F2799CB2C00069068 /* Release */,
			);
			defaultConfigurationIsVisible = 0;
			defaultConfigurationName = Release;
		};
		1739D9A02799CB2C00069068 /* Build configuration list for PBXNativeTarget "Recipe App" */ = {
			isa = XCConfigurationList;
			buildConfigurations = (
				1739D9A12799CB2C00069068 /* Debug */,
				1739D9A22799CB2C00069068 /* Release */,
			);
			defaultConfigurationIsVisible = 0;
			defaultConfigurationName = Release;
		};
/* End XCConfigurationList section */
	};
	rootObject = 1739D9842799CB2700069068 /* Project object */;
}
